schema: '2.0'
stages:
  download:
    cmd: PYTHONPATH=src python scripts/download_data.py
    deps:
    - path: scripts/download_data.py
      hash: md5
      md5: 2c29059191c36c59c9a342f3410bc04e
      size: 459
    outs:
    - path: data/raw/test.parquet
      hash: md5
      md5: 657838a8e4b4c3220cab53d5a9f6dba3
      size: 128231
    - path: data/raw/train.parquet
      hash: md5
      md5: 695ebd135178679e04e4acb7a7f70f2f
      size: 1005618
    - path: data/raw/validation.parquet
      hash: md5
      md5: 91ee40c5efc3da4fee9476957448a020
      size: 125995
  train:
    cmd: PYTHONPATH=src python src/emotion_recognition/train.py
    deps:
    - path: data/raw/train.parquet
      hash: md5
      md5: 695ebd135178679e04e4acb7a7f70f2f
      size: 1005618
    - path: data/raw/validation.parquet
      hash: md5
      md5: 91ee40c5efc3da4fee9476957448a020
      size: 125995
    - path: src/emotion_recognition/train.py
      hash: md5
      md5: 0c47513c9b3c14b4c16bf89d75833490
      size: 1957
    outs:
    - path: checkpoints/emotion_model.pt
      hash: md5
      md5: 8235ea43a356f7ad8032c75d11310ce2
      size: 265509243
  export:
    cmd: PYTHONPATH=src python scripts/export_to_onnx.py
    deps:
    - path: checkpoints/emotion_model.pt
      hash: md5
      md5: 8235ea43a356f7ad8032c75d11310ce2
      size: 265509243
    - path: scripts/export_to_onnx.py
      hash: md5
      md5: 2f4097830e91665d972aab1a9045d965
      size: 1381
    outs:
    - path: exports/emotion_model.onnx
      hash: md5
      md5: 64d75f314d567ffc3f493c7b0a6e3563
      size: 265595422
